
Microsoft Visual Studio Solution File, Format Version 12.00
# Visual Studio Version 16
VisualStudioVersion = 16.0.31313.79
MinimumVisualStudioVersion = 10.0.40219.1
Project("{8BC9CEB8-8B4A-11D0-8D11-00A0C91BC942}") = "Project1", "Project1\Project1.vcxproj", "{716C36CB-DE09-49C2-A310-8E2B28B6EDF4}"
EndProject
Global
	GlobalSection(SolutionConfigurationPlatforms) = preSolution
		Debug|x64 = Debug|x64
		Debug|x86 = Debug|x86
		Release|x64 = Release|x64
		Release|x86 = Release|x86
	EndGlobalSection
	GlobalSection(ProjectConfigurationPlatforms) = postSolution
		{716C36CB-DE09-49C2-A310-8E2B28B6EDF4}.Debug|x64.ActiveCfg = Debug|x64
		{716C36CB-DE09-49C2-A310-8E2B28B6EDF4}.Debug|x64.Build.0 = Debug|x64
		{716C36CB-DE09-49C2-A310-8E2B28B6EDF4}.Debug|x86.ActiveCfg = Debug|Win32
		{716C36CB-DE09-49C2-A310-8E2B28B6EDF4}.Debug|x86.Build.0 = Debug|Win32
		{716C36CB-DE09-49C2-A310-8E2B28B6EDF4}.Release|x64.ActiveCfg = Release|x64
		{716C36CB-DE09-49C2-A310-8E2B28B6EDF4}.Release|x64.Build.0 = Release|x64
		{716C36CB-DE09-49C2-A310-8E2B28B6EDF4}.Release|x86.ActiveCfg = Release|Win32
		{716C36CB-DE09-49C2-A310-8E2B28B6EDF4}.Release|x86.Build.0 = Release|Win32
	EndGlobalSection
	GlobalSection(SolutionProperties) = preSolution
		HideSolutionNode = FALSE
	EndGlobalSection
	GlobalSection(ExtensibilityGlobals) = postSolution
		SolutionGuid = {352E3BAC-A757-41C8-B5AB-77E12E90620E}
	EndGlobalSection
EndGlobal
